
Microsoft Visual Studio Solution File, Format Version 12.00
# Visual Studio 15
VisualStudioVersion = 15.0.28010.2026
MinimumVisualStudioVersion = 10.0.40219.1
Project("{FAE04EC0-301F-11D3-BF4B-00C04F79EFBC}") = "Teletrabajo", "Teletrabajo\Teletrabajo.csproj", "{71421B1F-81E8-45F3-B35D-C5A63D8823DE}"
EndProject
Global
	GlobalSection(SolutionConfigurationPlatforms) = preSolution
		Debug|Any CPU = Debug|Any CPU
		Release|Any CPU = Release|Any CPU
	EndGlobalSection
	GlobalSection(ProjectConfigurationPlatforms) = postSolution
		{71421B1F-81E8-45F3-B35D-C5A63D8823DE}.Debug|Any CPU.ActiveCfg = Debug|Any CPU
		{71421B1F-81E8-45F3-B35D-C5A63D8823DE}.Debug|Any CPU.Build.0 = Debug|Any CPU
		{71421B1F-81E8-45F3-B35D-C5A63D8823DE}.Release|Any CPU.ActiveCfg = Release|Any CPU
		{71421B1F-81E8-45F3-B35D-C5A63D8823DE}.Release|Any CPU.Build.0 = Release|Any CPU
	EndGlobalSection
	GlobalSection(SolutionProperties) = preSolution
		HideSolutionNode = FALSE
	EndGlobalSection
	GlobalSection(ExtensibilityGlobals) = postSolution
		SolutionGuid = {6E2F54E5-E109-4B69-8B9E-693063CB54D6}
	EndGlobalSection
EndGlobal
